
Microsoft Visual Studio Solution File, Format Version 12.00
# Visual Studio 15
VisualStudioVersion = 15.0.28307.106
MinimumVisualStudioVersion = 10.0.40219.1
Project("{FAE04EC0-301F-11D3-BF4B-00C04F79EFBC}") = "LeetPub", "LeetPub\LeetPub.csproj", "{6BF034A5-7D4A-4332-9160-F60718CDDF04}"
EndProject
Project("{FAE04EC0-301F-11D3-BF4B-00C04F79EFBC}") = "LeetPubTest", "LeetPubTest\LeetPubTest.csproj", "{85AC7169-8E08-40D7-8928-6884CE8F0574}"
EndProject
Global
	GlobalSection(SolutionConfigurationPlatforms) = preSolution
		Debug|Any CPU = Debug|Any CPU
		Release|Any CPU = Release|Any CPU
	EndGlobalSection
	GlobalSection(ProjectConfigurationPlatforms) = postSolution
		{6BF034A5-7D4A-4332-9160-F60718CDDF04}.Debug|Any CPU.ActiveCfg = Debug|Any CPU
		{6BF034A5-7D4A-4332-9160-F60718CDDF04}.Debug|Any CPU.Build.0 = Debug|Any CPU
		{6BF034A5-7D4A-4332-9160-F60718CDDF04}.Release|Any CPU.ActiveCfg = Release|Any CPU
		{6BF034A5-7D4A-4332-9160-F60718CDDF04}.Release|Any CPU.Build.0 = Release|Any CPU
		{85AC7169-8E08-40D7-8928-6884CE8F0574}.Debug|Any CPU.ActiveCfg = Debug|Any CPU
		{85AC7169-8E08-40D7-8928-6884CE8F0574}.Debug|Any CPU.Build.0 = Debug|Any CPU
		{85AC7169-8E08-40D7-8928-6884CE8F0574}.Release|Any CPU.ActiveCfg = Release|Any CPU
		{85AC7169-8E08-40D7-8928-6884CE8F0574}.Release|Any CPU.Build.0 = Release|Any CPU
	EndGlobalSection
	GlobalSection(SolutionProperties) = preSolution
		HideSolutionNode = FALSE
	EndGlobalSection
	GlobalSection(ExtensibilityGlobals) = postSolution
		SolutionGuid = {D8A9F295-A7C7-4461-AB56-BA4E07919B5A}
	EndGlobalSection
EndGlobal
